# This file is automatically @generated by Cargo.
# It is not intended for manual editing.
version = 4

[[package]]
name = "bandscope-distribution-core"
version = "0.1.0"

[[package]]
name = "bandscope-distribution-runtime"
version = "0.1.0"
dependencies = [
 "bandscope-distribution-core",
 "bandscope-distribution-state",
]

[[package]]
name = "bandscope-distribution-state"
version = "0.1.0"
dependencies = [
 "bandscope-distribution-core",
]
